
Microsoft Visual Studio Solution File, Format Version 12.00
# Visual Studio 15
VisualStudioVersion = 15.0.28010.2050
MinimumVisualStudioVersion = 10.0.40219.1
Project("{FAE04EC0-301F-11D3-BF4B-00C04F79EFBC}") = "Demo3", "Demo3\Demo3.csproj", "{67A793A0-A415-4DE3-872B-84DEF6399F85}"
EndProject
Global
	GlobalSection(SolutionConfigurationPlatforms) = preSolution
		Debug|Any CPU = Debug|Any CPU
		Release|Any CPU = Release|Any CPU
	EndGlobalSection
	GlobalSection(ProjectConfigurationPlatforms) = postSolution
		{67A793A0-A415-4DE3-872B-84DEF6399F85}.Debug|Any CPU.ActiveCfg = Debug|Any CPU
		{67A793A0-A415-4DE3-872B-84DEF6399F85}.Debug|Any CPU.Build.0 = Debug|Any CPU
		{67A793A0-A415-4DE3-872B-84DEF6399F85}.Release|Any CPU.ActiveCfg = Release|Any CPU
		{67A793A0-A415-4DE3-872B-84DEF6399F85}.Release|Any CPU.Build.0 = Release|Any CPU
	EndGlobalSection
	GlobalSection(SolutionProperties) = preSolution
		HideSolutionNode = FALSE
	EndGlobalSection
	GlobalSection(ExtensibilityGlobals) = postSolution
		SolutionGuid = {23FD8AC2-FDAF-41A7-AFF3-AC1F827474B2}
	EndGlobalSection
EndGlobal
